# This file is automatically @generated by Wally.
# It is not intended for manual editing.
registry = "test"

[[package]]
name = "etheroit/profileservice"
version = "1.2.0"
dependencies = []

[[package]]
name = "etheroit/replicacontroller"
version = "1.0.0"
dependencies = []

[[package]]
name = "etheroit/replicaservice"
version = "1.0.2"
dependencies = []

[[package]]
name = "template/game-template"
version = "0.1.0"
dependencies = [["ReplicaController", "etheroit/replicacontroller@1.0.0"], ["ProfileService", "etheroit/profileservice@1.2.0"], ["ReplicaService", "etheroit/replicaservice@1.0.2"]]
